
Microsoft Visual Studio Solution File, Format Version 12.00
# Visual Studio 15
VisualStudioVersion = 15.0.28307.168
MinimumVisualStudioVersion = 10.0.40219.1
Project("{9A19103F-16F7-4668-BE54-9A1E7A4F7556}") = "DishSoap", "DishSoap\DishSoap.csproj", "{99F4C528-BD0D-4D52-8FAA-665862CF9573}"
EndProject
Project("{9A19103F-16F7-4668-BE54-9A1E7A4F7556}") = "Discord", "Discord\Discord.csproj", "{BB73B8EC-5AC3-4591-849F-EC4D8FB03A0F}"
EndProject
Global
	GlobalSection(SolutionConfigurationPlatforms) = preSolution
		Debug|Any CPU = Debug|Any CPU
		Release|Any CPU = Release|Any CPU
	EndGlobalSection
	GlobalSection(ProjectConfigurationPlatforms) = postSolution
		{99F4C528-BD0D-4D52-8FAA-665862CF9573}.Debug|Any CPU.ActiveCfg = Debug|Any CPU
		{99F4C528-BD0D-4D52-8FAA-665862CF9573}.Debug|Any CPU.Build.0 = Debug|Any CPU
		{99F4C528-BD0D-4D52-8FAA-665862CF9573}.Release|Any CPU.ActiveCfg = Release|Any CPU
		{99F4C528-BD0D-4D52-8FAA-665862CF9573}.Release|Any CPU.Build.0 = Release|Any CPU
		{BB73B8EC-5AC3-4591-849F-EC4D8FB03A0F}.Debug|Any CPU.ActiveCfg = Debug|Any CPU
		{BB73B8EC-5AC3-4591-849F-EC4D8FB03A0F}.Debug|Any CPU.Build.0 = Debug|Any CPU
		{BB73B8EC-5AC3-4591-849F-EC4D8FB03A0F}.Release|Any CPU.ActiveCfg = Release|Any CPU
		{BB73B8EC-5AC3-4591-849F-EC4D8FB03A0F}.Release|Any CPU.Build.0 = Release|Any CPU
	EndGlobalSection
	GlobalSection(SolutionProperties) = preSolution
		HideSolutionNode = FALSE
	EndGlobalSection
	GlobalSection(ExtensibilityGlobals) = postSolution
		SolutionGuid = {6CF94DCA-19A3-4348-BE31-042854559814}
	EndGlobalSection
EndGlobal
